
Microsoft Visual Studio Solution File, Format Version 12.00
# Visual Studio Version 17
VisualStudioVersion = 17.3.32929.385
MinimumVisualStudioVersion = 10.0.40219.1
Project("{FAE04EC0-301F-11D3-BF4B-00C04F79EFBC}") = "tsuKeysAPIProject", "tsuKeysAPIProject.csproj", "{785627A0-CCB3-4305-A388-52E2C7CABBD5}"
EndProject
Global
	GlobalSection(SolutionConfigurationPlatforms) = preSolution
		Debug|Any CPU = Debug|Any CPU
		Release|Any CPU = Release|Any CPU
	EndGlobalSection
	GlobalSection(ProjectConfigurationPlatforms) = postSolution
		{785627A0-CCB3-4305-A388-52E2C7CABBD5}.Debug|Any CPU.ActiveCfg = Debug|Any CPU
		{785627A0-CCB3-4305-A388-52E2C7CABBD5}.Debug|Any CPU.Build.0 = Debug|Any CPU
		{785627A0-CCB3-4305-A388-52E2C7CABBD5}.Release|Any CPU.ActiveCfg = Release|Any CPU
		{785627A0-CCB3-4305-A388-52E2C7CABBD5}.Release|Any CPU.Build.0 = Release|Any CPU
	EndGlobalSection
	GlobalSection(SolutionProperties) = preSolution
		HideSolutionNode = FALSE
	EndGlobalSection
	GlobalSection(ExtensibilityGlobals) = postSolution
		SolutionGuid = {B2DD2CF9-919E-43EE-BD36-30432C2BF35D}
	EndGlobalSection
EndGlobal
